
Microsoft Visual Studio Solution File, Format Version 12.00
# Visual Studio Version 17
VisualStudioVersion = 17.4.33122.133
MinimumVisualStudioVersion = 10.0.40219.1
Project("{9A19103F-16F7-4668-BE54-9A1E7A4F7556}") = "FruitWebApp", "FruitWebApp\FruitWebApp.csproj", "{C6CE51FC-3EEE-4629-8755-3791D67C5095}"
EndProject
Project("{9A19103F-16F7-4668-BE54-9A1E7A4F7556}") = "FruitLibrary", "FruitLibrary\FruitLibrary.csproj", "{11CD5665-A728-4F30-9BCD-7BC638E55523}"
EndProject
Project("{9A19103F-16F7-4668-BE54-9A1E7A4F7556}") = "FruitWinForm", "FruitWinForm\FruitWinForm.csproj", "{C6E2C7C1-5A66-4803-94E4-6A93D9D3F6F7}"
	ProjectSection(ProjectDependencies) = postProject
		{11CD5665-A728-4F30-9BCD-7BC638E55523} = {11CD5665-A728-4F30-9BCD-7BC638E55523}
	EndProjectSection
EndProject
Global
	GlobalSection(SolutionConfigurationPlatforms) = preSolution
		Debug|Any CPU = Debug|Any CPU
		Release|Any CPU = Release|Any CPU
	EndGlobalSection
	GlobalSection(ProjectConfigurationPlatforms) = postSolution
		{C6CE51FC-3EEE-4629-8755-3791D67C5095}.Debug|Any CPU.ActiveCfg = Debug|Any CPU
		{C6CE51FC-3EEE-4629-8755-3791D67C5095}.Debug|Any CPU.Build.0 = Debug|Any CPU
		{C6CE51FC-3EEE-4629-8755-3791D67C5095}.Release|Any CPU.ActiveCfg = Release|Any CPU
		{C6CE51FC-3EEE-4629-8755-3791D67C5095}.Release|Any CPU.Build.0 = Release|Any CPU
		{11CD5665-A728-4F30-9BCD-7BC638E55523}.Debug|Any CPU.ActiveCfg = Debug|Any CPU
		{11CD5665-A728-4F30-9BCD-7BC638E55523}.Debug|Any CPU.Build.0 = Debug|Any CPU
		{11CD5665-A728-4F30-9BCD-7BC638E55523}.Release|Any CPU.ActiveCfg = Release|Any CPU
		{11CD5665-A728-4F30-9BCD-7BC638E55523}.Release|Any CPU.Build.0 = Release|Any CPU
		{C6E2C7C1-5A66-4803-94E4-6A93D9D3F6F7}.Debug|Any CPU.ActiveCfg = Debug|Any CPU
		{C6E2C7C1-5A66-4803-94E4-6A93D9D3F6F7}.Debug|Any CPU.Build.0 = Debug|Any CPU
		{C6E2C7C1-5A66-4803-94E4-6A93D9D3F6F7}.Release|Any CPU.ActiveCfg = Release|Any CPU
		{C6E2C7C1-5A66-4803-94E4-6A93D9D3F6F7}.Release|Any CPU.Build.0 = Release|Any CPU
	EndGlobalSection
	GlobalSection(SolutionProperties) = preSolution
		HideSolutionNode = FALSE
	EndGlobalSection
	GlobalSection(ExtensibilityGlobals) = postSolution
		SolutionGuid = {DC7875C6-B54F-486F-A1E2-142E14B9D623}
	EndGlobalSection
EndGlobal
